{
  "_readme": [
    "This file locks the dependencies of your project to a known state",
    "Read more about it at https://getcomposer.org/doc/01-basic-usage.md#installing-dependencies",
    "This file is @generated automatically"
  ],
  "content-hash": "bd2811b53a6853fbfbf04fc702c73fc0",
  "packages": [
    {
      "name": "johnbillion/args",
      "version": "1.6.0",
      "source": {
        "type": "git",
        "url": "https://github.com/johnbillion/args.git",
        "reference": "0a94706015471d72d6c227ff494a002a6275b28b"
      },
      "dist": {
        "type": "zip",
        "url": "https://api.github.com/repos/johnbillion/args/zipball/0a94706015471d72d6c227ff494a002a6275b28b",
        "reference": "0a94706015471d72d6c227ff494a002a6275b28b",
        "shasum": ""
      },
      "require": {
        "php": ">=7.4"
      },
      "require-dev": {
        "ergebnis/json-printer": "^3.2",
        "ergebnis/phpstan-rules": "^1.0",
        "humanmade/coding-standards": "^1.1",
        "johnbillion/falsey-assertequals-detector": "^3",
        "phpdocumentor/reflection": "~4.0 || ~5.0",
        "phpstan/phpstan": "^1.0",
        "phpstan/phpstan-phpunit": "^1.0",
        "phpstan/phpstan-strict-rules": "^1.1",
        "phpunit/phpunit": "^9.0",
        "roots/wordpress-core-installer": "^1.0.0",
        "roots/wordpress-full": "~6.1.0"
      },
      "type": "library",
      "extra": {
        "args-shapes": [
          "--function=\"\\get_categories()\" --param=args --file=vendor/wordpress/wordpress/wp-includes/category.php",
          "--function=\"\\get_comments()\" --param=args --file=vendor/wordpress/wordpress/wp-includes/comment.php",
          "--function=\"\\get_posts()\" --param=args --file=vendor/wordpress/wordpress/wp-includes/post.php",
          "--function=\"\\get_tags()\" --param=args --file=vendor/wordpress/wordpress/wp-includes/category.php",
          "--function=\"\\get_terms()\" --param=args --file=vendor/wordpress/wordpress/wp-includes/taxonomy.php",
          "--function=\"\\get_users()\" --param=args --file=vendor/wordpress/wordpress/wp-includes/user.php",
          "--function=\"\\paginate_links()\" --param=args --file=vendor/wordpress/wordpress/wp-includes/general-template.php",
          "--function=\"\\register_block_type()\" --param=args --file=vendor/wordpress/wordpress/wp-includes/blocks.php",
          "--function=\"\\register_meta()\" --param=args --file=vendor/wordpress/wordpress/wp-includes/meta.php",
          "--function=\"\\register_post_meta()\" --param=args --file=vendor/wordpress/wordpress/wp-includes/post.php",
          "--function=\"\\register_post_status()\" --param=args --file=vendor/wordpress/wordpress/wp-includes/post.php",
          "--function=\"\\register_post_type()\" --param=args --file=vendor/wordpress/wordpress/wp-includes/post.php",
          "--function=\"\\register_rest_field()\" --param=args --file=vendor/wordpress/wordpress/wp-includes/rest-api.php",
          "--function=\"\\register_taxonomy()\" --param=args --file=vendor/wordpress/wordpress/wp-includes/taxonomy.php",
          "--function=\"\\register_term_meta()\" --param=args --file=vendor/wordpress/wordpress/wp-includes/taxonomy.php",
          "--function=\"\\wp_count_terms()\" --param=args --file=vendor/wordpress/wordpress/wp-includes/taxonomy.php",
          "--function=\"\\wp_die()\" --param=args --file=vendor/wordpress/wordpress/wp-includes/functions.php",
          "--function=\"\\wp_dropdown_categories()\" --param=args --file=vendor/wordpress/wordpress/wp-includes/category-template.php",
          "--function=\"\\wp_dropdown_languages()\" --param=args --file=vendor/wordpress/wordpress/wp-includes/l10n.php",
          "--function=\"\\wp_generate_tag_cloud()\" --param=args --file=vendor/wordpress/wordpress/wp-includes/category-template.php",
          "--function=\"\\wp_get_nav_menus()\" --param=args --file=vendor/wordpress/wordpress/wp-includes/nav-menu.php",
          "--function=\"\\wp_get_object_terms()\" --param=args --file=vendor/wordpress/wordpress/wp-includes/taxonomy.php",
          "--function=\"\\wp_insert_post()\" --param=postarr --file=vendor/wordpress/wordpress/wp-includes/post.php",
          "--function=\"\\wp_insert_term()\" --param=args --file=vendor/wordpress/wordpress/wp-includes/taxonomy.php",
          "--function=\"\\wp_insert_user()\" --param=userdata --file=vendor/wordpress/wordpress/wp-includes/user.php",
          "--function=\"\\wp_nav_menu()\" --param=args --file=vendor/wordpress/wordpress/wp-includes/nav-menu-template.php",
          "--function=\"\\wp_remote_get()\" --param=args --file=vendor/wordpress/wordpress/wp-includes/http.php",
          "--function=\"\\wp_remote_head()\" --param=args --file=vendor/wordpress/wordpress/wp-includes/http.php",
          "--function=\"\\wp_remote_post()\" --param=args --file=vendor/wordpress/wordpress/wp-includes/http.php",
          "--function=\"\\wp_remote_request()\" --param=args --file=vendor/wordpress/wordpress/wp-includes/http.php",
          "--function=\"\\wp_safe_remote_get()\" --param=args --file=vendor/wordpress/wordpress/wp-includes/http.php",
          "--function=\"\\wp_safe_remote_head()\" --param=args --file=vendor/wordpress/wordpress/wp-includes/http.php",
          "--function=\"\\wp_safe_remote_post()\" --param=args --file=vendor/wordpress/wordpress/wp-includes/http.php",
          "--function=\"\\wp_safe_remote_request()\" --param=args --file=vendor/wordpress/wordpress/wp-includes/http.php",
          "--function=\"\\wp_update_post()\" --param=postarr --file=vendor/wordpress/wordpress/wp-includes/post.php",
          "--function=\"\\wp_update_term()\" --param=args --file=vendor/wordpress/wordpress/wp-includes/taxonomy.php",
          "--function=\"\\wp_update_user()\" --param=userdata --file=vendor/wordpress/wordpress/wp-includes/user.php",
          "--method=\"\\WP_Block_Type::__construct()\" --param=args --file=vendor/wordpress/wordpress/wp-includes/class-wp-block-type.php",
          "--method=\"\\WP_Comment_Query::__construct()\" --param=query --file=vendor/wordpress/wordpress/wp-includes/class-wp-comment-query.php",
          "--method=\"\\WP_Customize_Control::__construct()\" --param=args --file=vendor/wordpress/wordpress/wp-includes/class-wp-customize-control.php",
          "--method=\"\\WP_Customize_Manager::__construct()\" --param=args --file=vendor/wordpress/wordpress/wp-includes/class-wp-customize-manager.php",
          "--method=\"\\WP_Customize_Panel::__construct()\" --param=args --file=vendor/wordpress/wordpress/wp-includes/class-wp-customize-panel.php",
          "--method=\"\\WP_Customize_Section::__construct()\" --param=args --file=vendor/wordpress/wordpress/wp-includes/class-wp-customize-section.php",
          "--method=\"\\WP_Customize_Setting::__construct()\" --param=args --file=vendor/wordpress/wordpress/wp-includes/class-wp-customize-setting.php",
          "--method=\"\\WP_Http::request()\" --param=args --file=vendor/wordpress/wordpress/wp-includes/class-wp-http.php",
          "--method=\"\\WP_Query::parse_query()\" --param=query --file=vendor/wordpress/wordpress/wp-includes/class-wp-query.php",
          "--method=\"\\WP_Term_Query::__construct()\" --param=query --file=vendor/wordpress/wordpress/wp-includes/class-wp-term-query.php",
          "--method=\"\\WP_User_Query::prepare_query()\" --param=query --file=vendor/wordpress/wordpress/wp-includes/class-wp-user-query.php"
        ],
        "wordpress-install-dir": "vendor/wordpress/wordpress"
      },
      "autoload": {
        "psr-4": {
          "Args\\": "src/"
        }
      },
      "notification-url": "https://packagist.org/downloads/",
      "license": ["GPL-2.0+"],
      "authors": [
        {
          "name": "John Blackbourn",
          "homepage": "https://johnblackbourn.com/"
        }
      ],
      "description": "I don't want to get into an argument about this.",
      "support": {
        "issues": "https://github.com/johnbillion/args/issues",
        "source": "https://github.com/johnbillion/args/tree/1.6.0"
      },
      "funding": [
        {
          "url": "https://github.com/sponsors/johnbillion",
          "type": "github"
        }
      ],
      "time": "2022-11-10T14:09:31+00:00"
    },
    {
      "name": "johnbillion/extended-cpts",
      "version": "5.0.3",
      "source": {
        "type": "git",
        "url": "https://github.com/johnbillion/extended-cpts.git",
        "reference": "4daaaef8acfff72f108e5f69c3f6cddb37b64a38"
      },
      "dist": {
        "type": "zip",
        "url": "https://api.github.com/repos/johnbillion/extended-cpts/zipball/4daaaef8acfff72f108e5f69c3f6cddb37b64a38",
        "reference": "4daaaef8acfff72f108e5f69c3f6cddb37b64a38",
        "shasum": ""
      },
      "require": {
        "johnbillion/args": "^1.4.1",
        "php": ">= 7.4.0"
      },
      "require-dev": {
        "automattic/phpcs-neutron-standard": "1.7.0",
        "dealerdirect/phpcodesniffer-composer-installer": "^0.7",
        "johnbillion/falsey-assertequals-detector": "*",
        "lucatume/wp-browser": "^3.0",
        "phpcompatibility/phpcompatibility-wp": "^2",
        "phpstan/phpstan": "^1.0",
        "phpstan/phpstan-phpunit": "^1.0",
        "phpunit/phpunit": "^9",
        "roots/wordpress-core-installer": "^1.0.0",
        "roots/wordpress-full": "~6.1.0",
        "szepeviktor/phpstan-wordpress": "1.1.6",
        "vlucas/phpdotenv": "^3",
        "wp-cli/core-command": "^2",
        "wp-cli/db-command": "^2",
        "wp-coding-standards/wpcs": "2.3.0"
      },
      "suggest": {
        "seravo/wp-custom-bulk-actions": "Custom Bulk Actions",
        "wpackagist-plugin/rewrite-testing": "Rewrite Rule Testing"
      },
      "type": "library",
      "extra": {
        "wordpress-install-dir": "tests/wordpress"
      },
      "autoload": {
        "files": ["functions.php"],
        "psr-4": {
          "ExtCPTs\\": "src",
          "ExtCPTs\\Tests\\": "tests/integration"
        }
      },
      "notification-url": "https://packagist.org/downloads/",
      "license": ["GPL-2.0+"],
      "authors": [
        {
          "name": "John Blackbourn",
          "homepage": "https://johnblackbourn.com/"
        }
      ],
      "description": "A library which provides extended functionality to WordPress custom post types and taxonomies.",
      "homepage": "https://github.com/johnbillion/extended-cpts/",
      "support": {
        "issues": "https://github.com/johnbillion/extended-cpts/issues",
        "source": "https://github.com/johnbillion/extended-cpts/tree/5.0.3"
      },
      "funding": [
        {
          "url": "https://github.com/johnbillion",
          "type": "github"
        }
      ],
      "time": "2022-12-14T00:07:21+00:00"
    },
    {
      "name": "vinkla/extended-acf",
      "version": "13.2.1",
      "source": {
        "type": "git",
        "url": "https://github.com/vinkla/extended-acf.git",
        "reference": "d763d3818bd87c73ad4d62535eccd1176ea4784a"
      },
      "dist": {
        "type": "zip",
        "url": "https://api.github.com/repos/vinkla/extended-acf/zipball/d763d3818bd87c73ad4d62535eccd1176ea4784a",
        "reference": "d763d3818bd87c73ad4d62535eccd1176ea4784a",
        "shasum": ""
      },
      "require": {
        "php": "^8.0"
      },
      "require-dev": {
        "phpunit/phpunit": "^9.5"
      },
      "type": "library",
      "extra": {
        "branch-alias": {
          "dev-master": "13.3-dev"
        }
      },
      "autoload": {
        "files": ["src/helpers.php"],
        "psr-4": {
          "Extended\\ACF\\": "src/"
        }
      },
      "notification-url": "https://packagist.org/downloads/",
      "license": ["MIT"],
      "authors": [
        {
          "name": "Vincent Klaiber",
          "email": "hello@doubledip.se"
        }
      ],
      "description": "Register advanced custom fields with object oriented PHP",
      "keywords": [
        "acf",
        "advanced",
        "custom",
        "extended",
        "fields",
        "wordpress"
      ],
      "support": {
        "issues": "https://github.com/vinkla/extended-acf/issues",
        "source": "https://github.com/vinkla/extended-acf/tree/13.2.1"
      },
      "time": "2023-02-21T08:50:40+00:00"
    }
  ],
  "packages-dev": [
    {
      "name": "automattic/phpcs-neutron-ruleset",
      "version": "v3.4.0",
      "source": {
        "type": "git",
        "url": "https://github.com/Automattic/phpcs-neutron-ruleset.git",
        "reference": "0d79b6016a274d1bb8cbb359592e8dad7ffa47ca"
      },
      "dist": {
        "type": "zip",
        "url": "https://api.github.com/repos/Automattic/phpcs-neutron-ruleset/zipball/0d79b6016a274d1bb8cbb359592e8dad7ffa47ca",
        "reference": "0d79b6016a274d1bb8cbb359592e8dad7ffa47ca",
        "shasum": ""
      },
      "require": {
        "automattic/phpcs-neutron-standard": "^1.5.3",
        "php": "^7.0 || ^8.0",
        "sirbrillig/phpcs-import-detection": "^1.1.4",
        "sirbrillig/phpcs-variable-analysis": "^2.6.1",
        "wp-coding-standards/wpcs": "^2.1.0"
      },
      "require-dev": {
        "dealerdirect/phpcodesniffer-composer-installer": "^0.5.0",
        "squizlabs/php_codesniffer": "^3.4.2"
      },
      "type": "phpcodesniffer-standard",
      "notification-url": "https://packagist.org/downloads/",
      "license": ["MIT"],
      "description": "A PHPCS meta-ruleset for WordPress development",
      "support": {
        "issues": "https://github.com/Automattic/phpcs-neutron-ruleset/issues",
        "source": "https://github.com/Automattic/phpcs-neutron-ruleset/tree/v3.4.0"
      },
      "time": "2021-03-15T19:18:33+00:00"
    },
    {
      "name": "automattic/phpcs-neutron-standard",
      "version": "v1.7.0",
      "source": {
        "type": "git",
        "url": "https://github.com/Automattic/phpcs-neutron-standard.git",
        "reference": "566ad70534296073afa9143858671356444ddead"
      },
      "dist": {
        "type": "zip",
        "url": "https://api.github.com/repos/Automattic/phpcs-neutron-standard/zipball/566ad70534296073afa9143858671356444ddead",
        "reference": "566ad70534296073afa9143858671356444ddead",
        "shasum": ""
      },
      "require": {
        "php": "^7.0 || ^8.0",
        "squizlabs/php_codesniffer": "^3.3.0"
      },
      "require-dev": {
        "dealerdirect/phpcodesniffer-composer-installer": "^0.4.4 || ^0.5 || ^0.6 || ^0.7",
        "phpunit/phpunit": "^5.0 || ^6.5 || ^7.0 || ^8.0",
        "sirbrillig/phpcs-variable-analysis": "^2.0.1"
      },
      "type": "phpcodesniffer-standard",
      "autoload": {
        "psr-4": {
          "NeutronStandard\\": "NeutronStandard/"
        }
      },
      "notification-url": "https://packagist.org/downloads/",
      "license": ["MIT"],
      "authors": [
        {
          "name": "Payton Swick",
          "email": "payton@foolord.com"
        }
      ],
      "description": "A set of phpcs sniffs for modern php development.",
      "support": {
        "issues": "https://github.com/sirbrillig/phpcs-neutron-standard/issues",
        "source": "https://github.com/sirbrillig/phpcs-neutron-standard",
        "wiki": "https://github.com/sirbrillig/phpcs-neutron-standard/wiki"
      },
      "time": "2021-02-15T22:42:03+00:00"
    },
    {
      "name": "dealerdirect/phpcodesniffer-composer-installer",
      "version": "v1.0.0",
      "source": {
        "type": "git",
        "url": "https://github.com/PHPCSStandards/composer-installer.git",
        "reference": "4be43904336affa5c2f70744a348312336afd0da"
      },
      "dist": {
        "type": "zip",
        "url": "https://api.github.com/repos/PHPCSStandards/composer-installer/zipball/4be43904336affa5c2f70744a348312336afd0da",
        "reference": "4be43904336affa5c2f70744a348312336afd0da",
        "shasum": ""
      },
      "require": {
        "composer-plugin-api": "^1.0 || ^2.0",
        "php": ">=5.4",
        "squizlabs/php_codesniffer": "^2.0 || ^3.1.0 || ^4.0"
      },
      "require-dev": {
        "composer/composer": "*",
        "ext-json": "*",
        "ext-zip": "*",
        "php-parallel-lint/php-parallel-lint": "^1.3.1",
        "phpcompatibility/php-compatibility": "^9.0",
        "yoast/phpunit-polyfills": "^1.0"
      },
      "type": "composer-plugin",
      "extra": {
        "class": "PHPCSStandards\\Composer\\Plugin\\Installers\\PHPCodeSniffer\\Plugin"
      },
      "autoload": {
        "psr-4": {
          "PHPCSStandards\\Composer\\Plugin\\Installers\\PHPCodeSniffer\\": "src/"
        }
      },
      "notification-url": "https://packagist.org/downloads/",
      "license": ["MIT"],
      "authors": [
        {
          "name": "Franck Nijhof",
          "email": "franck.nijhof@dealerdirect.com",
          "homepage": "http://www.frenck.nl",
          "role": "Developer / IT Manager"
        },
        {
          "name": "Contributors",
          "homepage": "https://github.com/PHPCSStandards/composer-installer/graphs/contributors"
        }
      ],
      "description": "PHP_CodeSniffer Standards Composer Installer Plugin",
      "homepage": "http://www.dealerdirect.com",
      "keywords": [
        "PHPCodeSniffer",
        "PHP_CodeSniffer",
        "code quality",
        "codesniffer",
        "composer",
        "installer",
        "phpcbf",
        "phpcs",
        "plugin",
        "qa",
        "quality",
        "standard",
        "standards",
        "style guide",
        "stylecheck",
        "tests"
      ],
      "support": {
        "issues": "https://github.com/PHPCSStandards/composer-installer/issues",
        "source": "https://github.com/PHPCSStandards/composer-installer"
      },
      "time": "2023-01-05T11:28:13+00:00"
    },
    {
      "name": "laravel/pint",
      "version": "v1.5.0",
      "source": {
        "type": "git",
        "url": "https://github.com/laravel/pint.git",
        "reference": "e0a8cef58b74662f27355be9cdea0e726bbac362"
      },
      "dist": {
        "type": "zip",
        "url": "https://api.github.com/repos/laravel/pint/zipball/e0a8cef58b74662f27355be9cdea0e726bbac362",
        "reference": "e0a8cef58b74662f27355be9cdea0e726bbac362",
        "shasum": ""
      },
      "require": {
        "ext-json": "*",
        "ext-mbstring": "*",
        "ext-tokenizer": "*",
        "ext-xml": "*",
        "php": "^8.0"
      },
      "require-dev": {
        "friendsofphp/php-cs-fixer": "^3.14.4",
        "illuminate/view": "^9.51.0",
        "laravel-zero/framework": "^9.2.0",
        "mockery/mockery": "^1.5.1",
        "nunomaduro/larastan": "^2.4.0",
        "nunomaduro/termwind": "^1.15.1",
        "pestphp/pest": "^1.22.4"
      },
      "bin": ["builds/pint"],
      "type": "project",
      "autoload": {
        "psr-4": {
          "App\\": "app/",
          "Database\\Seeders\\": "database/seeders/",
          "Database\\Factories\\": "database/factories/"
        }
      },
      "notification-url": "https://packagist.org/downloads/",
      "license": ["MIT"],
      "authors": [
        {
          "name": "Nuno Maduro",
          "email": "enunomaduro@gmail.com"
        }
      ],
      "description": "An opinionated code formatter for PHP.",
      "homepage": "https://laravel.com",
      "keywords": ["format", "formatter", "lint", "linter", "php"],
      "support": {
        "issues": "https://github.com/laravel/pint/issues",
        "source": "https://github.com/laravel/pint"
      },
      "time": "2023-02-14T16:31:02+00:00"
    },
    {
      "name": "phpstan/phpdoc-parser",
      "version": "1.15.3",
      "source": {
        "type": "git",
        "url": "https://github.com/phpstan/phpdoc-parser.git",
        "reference": "61800f71a5526081d1b5633766aa88341f1ade76"
      },
      "dist": {
        "type": "zip",
        "url": "https://api.github.com/repos/phpstan/phpdoc-parser/zipball/61800f71a5526081d1b5633766aa88341f1ade76",
        "reference": "61800f71a5526081d1b5633766aa88341f1ade76",
        "shasum": ""
      },
      "require": {
        "php": "^7.2 || ^8.0"
      },
      "require-dev": {
        "php-parallel-lint/php-parallel-lint": "^1.2",
        "phpstan/extension-installer": "^1.0",
        "phpstan/phpstan": "^1.5",
        "phpstan/phpstan-phpunit": "^1.1",
        "phpstan/phpstan-strict-rules": "^1.0",
        "phpunit/phpunit": "^9.5",
        "symfony/process": "^5.2"
      },
      "type": "library",
      "autoload": {
        "psr-4": {
          "PHPStan\\PhpDocParser\\": ["src/"]
        }
      },
      "notification-url": "https://packagist.org/downloads/",
      "license": ["MIT"],
      "description": "PHPDoc parser with support for nullable, intersection and generic types",
      "support": {
        "issues": "https://github.com/phpstan/phpdoc-parser/issues",
        "source": "https://github.com/phpstan/phpdoc-parser/tree/1.15.3"
      },
      "time": "2022-12-20T20:56:55+00:00"
    },
    {
      "name": "sirbrillig/phpcs-import-detection",
      "version": "v1.3.2",
      "source": {
        "type": "git",
        "url": "https://github.com/sirbrillig/phpcs-import-detection.git",
        "reference": "898ce520cbcd28746d329939a7fe583fd74ede46"
      },
      "dist": {
        "type": "zip",
        "url": "https://api.github.com/repos/sirbrillig/phpcs-import-detection/zipball/898ce520cbcd28746d329939a7fe583fd74ede46",
        "reference": "898ce520cbcd28746d329939a7fe583fd74ede46",
        "shasum": ""
      },
      "require": {
        "php": "^7.0 || ^8.0",
        "squizlabs/php_codesniffer": "^3.5.8"
      },
      "require-dev": {
        "dealerdirect/phpcodesniffer-composer-installer": "^0.7.1",
        "phpunit/phpunit": "^9.0",
        "sirbrillig/phpcs-variable-analysis": "^2.0.1"
      },
      "type": "phpcodesniffer-standard",
      "autoload": {
        "psr-4": {
          "ImportDetection\\": "ImportDetection/"
        }
      },
      "notification-url": "https://packagist.org/downloads/",
      "license": ["MIT"],
      "authors": [
        {
          "name": "Payton Swick",
          "email": "payton@foolord.com"
        }
      ],
      "description": "A set of phpcs sniffs to look for unused or unimported symbols.",
      "support": {
        "issues": "https://github.com/sirbrillig/phpcs-import-detection/issues",
        "source": "https://github.com/sirbrillig/phpcs-import-detection/tree/v1.3.2"
      },
      "time": "2021-08-17T23:01:42+00:00"
    },
    {
      "name": "sirbrillig/phpcs-variable-analysis",
      "version": "v2.11.10",
      "source": {
        "type": "git",
        "url": "https://github.com/sirbrillig/phpcs-variable-analysis.git",
        "reference": "0f25a3766f26df91d6bdda0c8931303fc85499d7"
      },
      "dist": {
        "type": "zip",
        "url": "https://api.github.com/repos/sirbrillig/phpcs-variable-analysis/zipball/0f25a3766f26df91d6bdda0c8931303fc85499d7",
        "reference": "0f25a3766f26df91d6bdda0c8931303fc85499d7",
        "shasum": ""
      },
      "require": {
        "php": ">=5.4.0",
        "squizlabs/php_codesniffer": "^3.5.6"
      },
      "require-dev": {
        "dealerdirect/phpcodesniffer-composer-installer": "^0.7 || ^1.0",
        "phpcsstandards/phpcsdevcs": "^1.1",
        "phpstan/phpstan": "^1.7",
        "phpunit/phpunit": "^4.8.36 || ^5.7.21 || ^6.5 || ^7.0 || ^8.0 || ^9.0",
        "sirbrillig/phpcs-import-detection": "^1.1",
        "vimeo/psalm": "^0.2 || ^0.3 || ^1.1 || ^4.24 || ^5.0@beta"
      },
      "type": "phpcodesniffer-standard",
      "autoload": {
        "psr-4": {
          "VariableAnalysis\\": "VariableAnalysis/"
        }
      },
      "notification-url": "https://packagist.org/downloads/",
      "license": ["BSD-2-Clause"],
      "authors": [
        {
          "name": "Sam Graham",
          "email": "php-codesniffer-variableanalysis@illusori.co.uk"
        },
        {
          "name": "Payton Swick",
          "email": "payton@foolord.com"
        }
      ],
      "description": "A PHPCS sniff to detect problems with variables.",
      "keywords": ["phpcs", "static analysis"],
      "support": {
        "issues": "https://github.com/sirbrillig/phpcs-variable-analysis/issues",
        "source": "https://github.com/sirbrillig/phpcs-variable-analysis",
        "wiki": "https://github.com/sirbrillig/phpcs-variable-analysis/wiki"
      },
      "time": "2023-01-05T18:45:16+00:00"
    },
    {
      "name": "slevomat/coding-standard",
      "version": "8.8.0",
      "source": {
        "type": "git",
        "url": "https://github.com/slevomat/coding-standard.git",
        "reference": "59e25146a4ef0a7b194c5bc55b32dd414345db89"
      },
      "dist": {
        "type": "zip",
        "url": "https://api.github.com/repos/slevomat/coding-standard/zipball/59e25146a4ef0a7b194c5bc55b32dd414345db89",
        "reference": "59e25146a4ef0a7b194c5bc55b32dd414345db89",
        "shasum": ""
      },
      "require": {
        "dealerdirect/phpcodesniffer-composer-installer": "^0.6.2 || ^0.7 || ^1.0",
        "php": "^7.2 || ^8.0",
        "phpstan/phpdoc-parser": ">=1.15.2 <1.16.0",
        "squizlabs/php_codesniffer": "^3.7.1"
      },
      "require-dev": {
        "phing/phing": "2.17.4",
        "php-parallel-lint/php-parallel-lint": "1.3.2",
        "phpstan/phpstan": "1.4.10|1.9.6",
        "phpstan/phpstan-deprecation-rules": "1.1.1",
        "phpstan/phpstan-phpunit": "1.0.0|1.3.3",
        "phpstan/phpstan-strict-rules": "1.4.4",
        "phpunit/phpunit": "7.5.20|8.5.21|9.5.27"
      },
      "type": "phpcodesniffer-standard",
      "extra": {
        "branch-alias": {
          "dev-master": "8.x-dev"
        }
      },
      "autoload": {
        "psr-4": {
          "SlevomatCodingStandard\\": "SlevomatCodingStandard"
        }
      },
      "notification-url": "https://packagist.org/downloads/",
      "license": ["MIT"],
      "description": "Slevomat Coding Standard for PHP_CodeSniffer complements Consistence Coding Standard by providing sniffs with additional checks.",
      "keywords": ["dev", "phpcs"],
      "support": {
        "issues": "https://github.com/slevomat/coding-standard/issues",
        "source": "https://github.com/slevomat/coding-standard/tree/8.8.0"
      },
      "funding": [
        {
          "url": "https://github.com/kukulich",
          "type": "github"
        },
        {
          "url": "https://tidelift.com/funding/github/packagist/slevomat/coding-standard",
          "type": "tidelift"
        }
      ],
      "time": "2023-01-09T10:46:13+00:00"
    },
    {
      "name": "squizlabs/php_codesniffer",
      "version": "3.7.2",
      "source": {
        "type": "git",
        "url": "https://github.com/squizlabs/PHP_CodeSniffer.git",
        "reference": "ed8e00df0a83aa96acf703f8c2979ff33341f879"
      },
      "dist": {
        "type": "zip",
        "url": "https://api.github.com/repos/squizlabs/PHP_CodeSniffer/zipball/ed8e00df0a83aa96acf703f8c2979ff33341f879",
        "reference": "ed8e00df0a83aa96acf703f8c2979ff33341f879",
        "shasum": ""
      },
      "require": {
        "ext-simplexml": "*",
        "ext-tokenizer": "*",
        "ext-xmlwriter": "*",
        "php": ">=5.4.0"
      },
      "require-dev": {
        "phpunit/phpunit": "^4.0 || ^5.0 || ^6.0 || ^7.0"
      },
      "bin": ["bin/phpcs", "bin/phpcbf"],
      "type": "library",
      "extra": {
        "branch-alias": {
          "dev-master": "3.x-dev"
        }
      },
      "notification-url": "https://packagist.org/downloads/",
      "license": ["BSD-3-Clause"],
      "authors": [
        {
          "name": "Greg Sherwood",
          "role": "lead"
        }
      ],
      "description": "PHP_CodeSniffer tokenizes PHP, JavaScript and CSS files and detects violations of a defined set of coding standards.",
      "homepage": "https://github.com/squizlabs/PHP_CodeSniffer",
      "keywords": ["phpcs", "standards", "static analysis"],
      "support": {
        "issues": "https://github.com/squizlabs/PHP_CodeSniffer/issues",
        "source": "https://github.com/squizlabs/PHP_CodeSniffer",
        "wiki": "https://github.com/squizlabs/PHP_CodeSniffer/wiki"
      },
      "time": "2023-02-22T23:07:41+00:00"
    },
    {
      "name": "szepeviktor/phpcs-psr-12-neutron-hybrid-ruleset",
      "version": "v0.8.0",
      "source": {
        "type": "git",
        "url": "https://github.com/szepeviktor/phpcs-psr-12-neutron-hybrid-ruleset.git",
        "reference": "60a127746e1f19488556c9bf1cec79899b47fb8d"
      },
      "dist": {
        "type": "zip",
        "url": "https://api.github.com/repos/szepeviktor/phpcs-psr-12-neutron-hybrid-ruleset/zipball/60a127746e1f19488556c9bf1cec79899b47fb8d",
        "reference": "60a127746e1f19488556c9bf1cec79899b47fb8d",
        "shasum": ""
      },
      "require": {
        "automattic/phpcs-neutron-ruleset": "^3.4",
        "php": "^7.2 || ^8.0",
        "slevomat/coding-standard": "^8.0",
        "squizlabs/php_codesniffer": "^3.7"
      },
      "require-dev": {
        "phpcompatibility/php-compatibility": "dev-develop as 10.0.0",
        "phpcsstandards/phpcsdevcs": "^1.0"
      },
      "suggest": {
        "dealerdirect/phpcodesniffer-composer-installer": "^1.0"
      },
      "type": "phpcodesniffer-standard",
      "notification-url": "https://packagist.org/downloads/",
      "license": ["MIT"],
      "description": "Hybrid PHPCS ruleset for OOP WordPress development",
      "support": {
        "issues": "https://github.com/szepeviktor/phpcs-psr-12-neutron-hybrid-ruleset/issues",
        "source": "https://github.com/szepeviktor/phpcs-psr-12-neutron-hybrid-ruleset/tree/v0.8.0"
      },
      "time": "2023-02-04T12:52:21+00:00"
    },
    {
      "name": "wp-coding-standards/wpcs",
      "version": "2.3.0",
      "source": {
        "type": "git",
        "url": "https://github.com/WordPress/WordPress-Coding-Standards.git",
        "reference": "7da1894633f168fe244afc6de00d141f27517b62"
      },
      "dist": {
        "type": "zip",
        "url": "https://api.github.com/repos/WordPress/WordPress-Coding-Standards/zipball/7da1894633f168fe244afc6de00d141f27517b62",
        "reference": "7da1894633f168fe244afc6de00d141f27517b62",
        "shasum": ""
      },
      "require": {
        "php": ">=5.4",
        "squizlabs/php_codesniffer": "^3.3.1"
      },
      "require-dev": {
        "dealerdirect/phpcodesniffer-composer-installer": "^0.5 || ^0.6",
        "phpcompatibility/php-compatibility": "^9.0",
        "phpcsstandards/phpcsdevtools": "^1.0",
        "phpunit/phpunit": "^4.0 || ^5.0 || ^6.0 || ^7.0"
      },
      "suggest": {
        "dealerdirect/phpcodesniffer-composer-installer": "^0.6 || This Composer plugin will sort out the PHPCS 'installed_paths' automatically."
      },
      "type": "phpcodesniffer-standard",
      "notification-url": "https://packagist.org/downloads/",
      "license": ["MIT"],
      "authors": [
        {
          "name": "Contributors",
          "homepage": "https://github.com/WordPress/WordPress-Coding-Standards/graphs/contributors"
        }
      ],
      "description": "PHP_CodeSniffer rules (sniffs) to enforce WordPress coding conventions",
      "keywords": ["phpcs", "standards", "wordpress"],
      "support": {
        "issues": "https://github.com/WordPress/WordPress-Coding-Standards/issues",
        "source": "https://github.com/WordPress/WordPress-Coding-Standards",
        "wiki": "https://github.com/WordPress/WordPress-Coding-Standards/wiki"
      },
      "time": "2020-05-13T23:57:56+00:00"
    }
  ],
  "aliases": [],
  "minimum-stability": "dev",
  "stability-flags": [],
  "prefer-stable": true,
  "prefer-lowest": false,
  "platform": {
    "php": "^8.0"
  },
  "platform-dev": [],
  "plugin-api-version": "2.3.0"
}
